// !$*UTF8*$!
{
	archiveVersion = 1;
	classes = {
	};
	objectVersion = 46;
	objects = {

/* Begin PBXBuildFile section */
		A2E178F71276A01B828C66B6 /* Pods_mycard.framework in Frameworks */ = {isa = PBXBuildFile; fileRef = F32C4125D59B259F989DAE38 /* Pods_mycard.framework */; };
		F23DF2671D3D0F9A004D43B9 /* ImageManager.swift in Sources */ = {isa = PBXBuildFile; fileRef = F23DF2661D3D0F9A004D43B9 /* ImageManager.swift */; };
		F2601A391D36939F00E255F2 /* ChooseDeviceViewController.swift in Sources */ = {isa = PBXBuildFile; fileRef = F2601A371D36939F00E255F2 /* ChooseDeviceViewController.swift */; };
		F2601A3A1D36939F00E255F2 /* EditInfoViewController.swift in Sources */ = {isa = PBXBuildFile; fileRef = F2601A381D36939F00E255F2 /* EditInfoViewController.swift */; };
		F2601A3C1D3693AA00E255F2 /* PeerTableViewCell.swift in Sources */ = {isa = PBXBuildFile; fileRef = F2601A3B1D3693AA00E255F2 /* PeerTableViewCell.swift */; };
		F2601A3E1D36BC5500E255F2 /* Card.swift in Sources */ = {isa = PBXBuildFile; fileRef = F2601A3D1D36BC5500E255F2 /* Card.swift */; };
		F29B369A1D48F8A300CFDD78 /* ParseManager.swift in Sources */ = {isa = PBXBuildFile; fileRef = F29B36991D48F8A300CFDD78 /* ParseManager.swift */; };
		F29B369E1D4AB03100CFDD78 /* ShareCardsViewController.swift in Sources */ = {isa = PBXBuildFile; fileRef = F29B369D1D4AB03100CFDD78 /* ShareCardsViewController.swift */; };
		F29B36A41D4BD4D200CFDD78 /* CardView.xib in Resources */ = {isa = PBXBuildFile; fileRef = F29B36A31D4BD4D200CFDD78 /* CardView.xib */; };
		F29B36A61D4FB20C00CFDD78 /* CardView.swift in Sources */ = {isa = PBXBuildFile; fileRef = F29B36A51D4FB20C00CFDD78 /* CardView.swift */; };
		F2F49EAE1D2D48F200C5CFB4 /* AppDelegate.swift in Sources */ = {isa = PBXBuildFile; fileRef = F2F49EAD1D2D48F200C5CFB4 /* AppDelegate.swift */; };
		F2F49EB31D2D48F200C5CFB4 /* Main.storyboard in Resources */ = {isa = PBXBuildFile; fileRef = F2F49EB11D2D48F200C5CFB4 /* Main.storyboard */; };
		F2F49EB51D2D48F200C5CFB4 /* Assets.xcassets in Resources */ = {isa = PBXBuildFile; fileRef = F2F49EB41D2D48F200C5CFB4 /* Assets.xcassets */; };
		F2F49EB81D2D48F200C5CFB4 /* LaunchScreen.storyboard in Resources */ = {isa = PBXBuildFile; fileRef = F2F49EB61D2D48F200C5CFB4 /* LaunchScreen.storyboard */; };
		F2F49EC01D2D5C0700C5CFB4 /* MPCManager.swift in Sources */ = {isa = PBXBuildFile; fileRef = F2F49EBF1D2D5C0700C5CFB4 /* MPCManager.swift */; };
/* End PBXBuildFile section */

/* Begin PBXFileReference section */
		63B25C3D6382B0BF4660FB41 /* Pods-mycard.debug.xcconfig */ = {isa = PBXFileReference; includeInIndex = 1; lastKnownFileType = text.xcconfig; name = "Pods-mycard.debug.xcconfig"; path = "Pods/Target Support Files/Pods-mycard/Pods-mycard.debug.xcconfig"; sourceTree = "<group>"; };
		86C5999F24998EA87FD23B57 /* Pods-mycard.release.xcconfig */ = {isa = PBXFileReference; includeInIndex = 1; lastKnownFileType = text.xcconfig; name = "Pods-mycard.release.xcconfig"; path = "Pods/Target Support Files/Pods-mycard/Pods-mycard.release.xcconfig"; sourceTree = "<group>"; };
		F23DF2661D3D0F9A004D43B9 /* ImageManager.swift */ = {isa = PBXFileReference; fileEncoding = 4; lastKnownFileType = sourcecode.swift; path = ImageManager.swift; sourceTree = "<group>"; };
		F2601A371D36939F00E255F2 /* ChooseDeviceViewController.swift */ = {isa = PBXFileReference; fileEncoding = 4; lastKnownFileType = sourcecode.swift; name = ChooseDeviceViewController.swift; path = "View Controllers/ChooseDeviceViewController.swift"; sourceTree = "<group>"; };
		F2601A381D36939F00E255F2 /* EditInfoViewController.swift */ = {isa = PBXFileReference; fileEncoding = 4; lastKnownFileType = sourcecode.swift; name = EditInfoViewController.swift; path = "View Controllers/EditInfoViewController.swift"; sourceTree = "<group>"; };
		F2601A3B1D3693AA00E255F2 /* PeerTableViewCell.swift */ = {isa = PBXFileReference; fileEncoding = 4; lastKnownFileType = sourcecode.swift; name = PeerTableViewCell.swift; path = Views/PeerTableViewCell.swift; sourceTree = "<group>"; };
		F2601A3D1D36BC5500E255F2 /* Card.swift */ = {isa = PBXFileReference; fileEncoding = 4; lastKnownFileType = sourcecode.swift; path = Card.swift; sourceTree = "<group>"; };
		F29B36991D48F8A300CFDD78 /* ParseManager.swift */ = {isa = PBXFileReference; fileEncoding = 4; lastKnownFileType = sourcecode.swift; path = ParseManager.swift; sourceTree = "<group>"; };
		F29B369D1D4AB03100CFDD78 /* ShareCardsViewController.swift */ = {isa = PBXFileReference; fileEncoding = 4; lastKnownFileType = sourcecode.swift; name = ShareCardsViewController.swift; path = "View Controllers/ShareCardsViewController.swift"; sourceTree = "<group>"; };
		F29B36A31D4BD4D200CFDD78 /* CardView.xib */ = {isa = PBXFileReference; fileEncoding = 4; lastKnownFileType = file.xib; name = CardView.xib; path = Views/CardView.xib; sourceTree = "<group>"; };
		F29B36A51D4FB20C00CFDD78 /* CardView.swift */ = {isa = PBXFileReference; fileEncoding = 4; lastKnownFileType = sourcecode.swift; name = CardView.swift; path = Views/CardView.swift; sourceTree = "<group>"; };
		F2F49EAA1D2D48F200C5CFB4 /* mycard.app */ = {isa = PBXFileReference; explicitFileType = wrapper.application; includeInIndex = 0; path = mycard.app; sourceTree = BUILT_PRODUCTS_DIR; };
		F2F49EAD1D2D48F200C5CFB4 /* AppDelegate.swift */ = {isa = PBXFileReference; lastKnownFileType = sourcecode.swift; path = AppDelegate.swift; sourceTree = "<group>"; };
		F2F49EB21D2D48F200C5CFB4 /* Base */ = {isa = PBXFileReference; lastKnownFileType = file.storyboard; name = Base; path = Base.lproj/Main.storyboard; sourceTree = "<group>"; };
		F2F49EB41D2D48F200C5CFB4 /* Assets.xcassets */ = {isa = PBXFileReference; lastKnownFileType = folder.assetcatalog; path = Assets.xcassets; sourceTree = "<group>"; };
		F2F49EB71D2D48F200C5CFB4 /* Base */ = {isa = PBXFileReference; lastKnownFileType = file.storyboard; name = Base; path = Base.lproj/LaunchScreen.storyboard; sourceTree = "<group>"; };
		F2F49EB91D2D48F200C5CFB4 /* Info.plist */ = {isa = PBXFileReference; lastKnownFileType = text.plist.xml; path = Info.plist; sourceTree = "<group>"; };
		F2F49EBF1D2D5C0700C5CFB4 /* MPCManager.swift */ = {isa = PBXFileReference; fileEncoding = 4; lastKnownFileType = sourcecode.swift; path = MPCManager.swift; sourceTree = "<group>"; };
		F32C4125D59B259F989DAE38 /* Pods_mycard.framework */ = {isa = PBXFileReference; explicitFileType = wrapper.framework; includeInIndex = 0; path = Pods_mycard.framework; sourceTree = BUILT_PRODUCTS_DIR; };
/* End PBXFileReference section */

/* Begin PBXFrameworksBuildPhase section */
		F2F49EA71D2D48F200C5CFB4 /* Frameworks */ = {
			isa = PBXFrameworksBuildPhase;
			buildActionMask = 2147483647;
			files = (
				A2E178F71276A01B828C66B6 /* Pods_mycard.framework in Frameworks */,
			);
			runOnlyForDeploymentPostprocessing = 0;
		};
/* End PBXFrameworksBuildPhase section */

/* Begin PBXGroup section */
		3C1D759A30D952DE361B223D /* Frameworks */ = {
			isa = PBXGroup;
			children = (
				F32C4125D59B259F989DAE38 /* Pods_mycard.framework */,
			);
			name = Frameworks;
			sourceTree = "<group>";
		};
		F23DF2681D3D1105004D43B9 /* Managers */ = {
			isa = PBXGroup;
			children = (
				F23DF2661D3D0F9A004D43B9 /* ImageManager.swift */,
				F2F49EBF1D2D5C0700C5CFB4 /* MPCManager.swift */,
				F29B36991D48F8A300CFDD78 /* ParseManager.swift */,
			);
			name = Managers;
			sourceTree = "<group>";
		};
		F2601A341D3691E200E255F2 /* View Controllers */ = {
			isa = PBXGroup;
			children = (
				F2601A371D36939F00E255F2 /* ChooseDeviceViewController.swift */,
				F2601A381D36939F00E255F2 /* EditInfoViewController.swift */,
				F29B369D1D4AB03100CFDD78 /* ShareCardsViewController.swift */,
			);
			name = "View Controllers";
			sourceTree = "<group>";
		};
		F2601A351D3691F900E255F2 /* Views */ = {
			isa = PBXGroup;
			children = (
				F2601A3B1D3693AA00E255F2 /* PeerTableViewCell.swift */,
				F29B36A51D4FB20C00CFDD78 /* CardView.swift */,
				F29B36A31D4BD4D200CFDD78 /* CardView.xib */,
			);
			name = Views;
			sourceTree = "<group>";
		};
		F2601A361D36920000E255F2 /* Models */ = {
			isa = PBXGroup;
			children = (
				F2601A3D1D36BC5500E255F2 /* Card.swift */,
			);
			name = Models;
			sourceTree = "<group>";
		};
		F2F49EA11D2D48F200C5CFB4 = {
			isa = PBXGroup;
			children = (
				F2F49EAC1D2D48F200C5CFB4 /* mycard */,
				F2F49EAB1D2D48F200C5CFB4 /* Products */,
				FDDCB0CE18D759F594FBE5F2 /* Pods */,
				3C1D759A30D952DE361B223D /* Frameworks */,
			);
			sourceTree = "<group>";
		};
		F2F49EAB1D2D48F200C5CFB4 /* Products */ = {
			isa = PBXGroup;
			children = (
				F2F49EAA1D2D48F200C5CFB4 /* mycard.app */,
			);
			name = Products;
			sourceTree = "<group>";
		};
		F2F49EAC1D2D48F200C5CFB4 /* mycard */ = {
			isa = PBXGroup;
			children = (
				F2F49EAD1D2D48F200C5CFB4 /* AppDelegate.swift */,
				F23DF2681D3D1105004D43B9 /* Managers */,
				F2601A361D36920000E255F2 /* Models */,
				F2601A341D3691E200E255F2 /* View Controllers */,
				F2601A351D3691F900E255F2 /* Views */,
				F2F49EB11D2D48F200C5CFB4 /* Main.storyboard */,
				F2F49EB41D2D48F200C5CFB4 /* Assets.xcassets */,
				F2F49EB61D2D48F200C5CFB4 /* LaunchScreen.storyboard */,
				F2F49EB91D2D48F200C5CFB4 /* Info.plist */,
			);
			path = mycard;
			sourceTree = "<group>";
		};
		FDDCB0CE18D759F594FBE5F2 /* Pods */ = {
			isa = PBXGroup;
			children = (
				63B25C3D6382B0BF4660FB41 /* Pods-mycard.debug.xcconfig */,
				86C5999F24998EA87FD23B57 /* Pods-mycard.release.xcconfig */,
			);
			name = Pods;
			sourceTree = "<group>";
		};
/* End PBXGroup section */

/* Begin PBXNativeTarget section */
		F2F49EA91D2D48F200C5CFB4 /* mycard */ = {
			isa = PBXNativeTarget;
			buildConfigurationList = F2F49EBC1D2D48F200C5CFB4 /* Build configuration list for PBXNativeTarget "mycard" */;
			buildPhases = (
				33A7EA7C4F88075F070D4907 /* [CP] Check Pods Manifest.lock */,
				F2F49EA61D2D48F200C5CFB4 /* Sources */,
				F2F49EA71D2D48F200C5CFB4 /* Frameworks */,
				F2F49EA81D2D48F200C5CFB4 /* Resources */,
				5856CC5BA1B11E9FEE92B45A /* [CP] Embed Pods Frameworks */,
				26E839ADB956CEDC31A7CD49 /* [CP] Copy Pods Resources */,
			);
			buildRules = (
			);
			dependencies = (
			);
			name = mycard;
			productName = mycard;
			productReference = F2F49EAA1D2D48F200C5CFB4 /* mycard.app */;
			productType = "com.apple.product-type.application";
		};
/* End PBXNativeTarget section */

/* Begin PBXProject section */
		F2F49EA21D2D48F200C5CFB4 /* Project object */ = {
			isa = PBXProject;
			attributes = {
				LastSwiftUpdateCheck = 0730;
				LastUpgradeCheck = 0730;
				ORGANIZATIONNAME = "Noah Frenkel";
				TargetAttributes = {
					F2F49EA91D2D48F200C5CFB4 = {
						CreatedOnToolsVersion = 7.3.1;
						DevelopmentTeam = 466QVE4T74;
					};
				};
			};
			buildConfigurationList = F2F49EA51D2D48F200C5CFB4 /* Build configuration list for PBXProject "mycard" */;
			compatibilityVersion = "Xcode 3.2";
			developmentRegion = English;
			hasScannedForEncodings = 0;
			knownRegions = (
				en,
				Base,
			);
			mainGroup = F2F49EA11D2D48F200C5CFB4;
			productRefGroup = F2F49EAB1D2D48F200C5CFB4 /* Products */;
			projectDirPath = "";
			projectRoot = "";
			targets = (
				F2F49EA91D2D48F200C5CFB4 /* mycard */,
			);
		};
/* End PBXProject section */

/* Begin PBXResourcesBuildPhase section */
		F2F49EA81D2D48F200C5CFB4 /* Resources */ = {
			isa = PBXResourcesBuildPhase;
			buildActionMask = 2147483647;
			files = (
				F2F49EB81D2D48F200C5CFB4 /* LaunchScreen.storyboard in Resources */,
				F2F49EB51D2D48F200C5CFB4 /* Assets.xcassets in Resources */,
				F29B36A41D4BD4D200CFDD78 /* CardView.xib in Resources */,
				F2F49EB31D2D48F200C5CFB4 /* Main.storyboard in Resources */,
			);
			runOnlyForDeploymentPostprocessing = 0;
		};
/* End PBXResourcesBuildPhase section */

/* Begin PBXShellScriptBuildPhase section */
		26E839ADB956CEDC31A7CD49 /* [CP] Copy Pods Resources */ = {
			isa = PBXShellScriptBuildPhase;
			buildActionMask = 2147483647;
			files = (
			);
			inputPaths = (
			);
			name = "[CP] Copy Pods Resources";
			outputPaths = (
			);
			runOnlyForDeploymentPostprocessing = 0;
			shellPath = /bin/sh;
			shellScript = "\"${SRCROOT}/Pods/Target Support Files/Pods-mycard/Pods-mycard-resources.sh\"\n";
			showEnvVarsInLog = 0;
		};
		33A7EA7C4F88075F070D4907 /* [CP] Check Pods Manifest.lock */ = {
			isa = PBXShellScriptBuildPhase;
			buildActionMask = 2147483647;
			files = (
			);
			inputPaths = (
			);
			name = "[CP] Check Pods Manifest.lock";
			outputPaths = (
			);
			runOnlyForDeploymentPostprocessing = 0;
			shellPath = /bin/sh;
			shellScript = "diff \"${PODS_ROOT}/../Podfile.lock\" \"${PODS_ROOT}/Manifest.lock\" > /dev/null\nif [[ $? != 0 ]] ; then\n    cat << EOM\nerror: The sandbox is not in sync with the Podfile.lock. Run 'pod install' or update your CocoaPods installation.\nEOM\n    exit 1\nfi\n";
			showEnvVarsInLog = 0;
		};
		5856CC5BA1B11E9FEE92B45A /* [CP] Embed Pods Frameworks */ = {
			isa = PBXShellScriptBuildPhase;
			buildActionMask = 2147483647;
			files = (
			);
			inputPaths = (
			);
			name = "[CP] Embed Pods Frameworks";
			outputPaths = (
			);
			runOnlyForDeploymentPostprocessing = 0;
			shellPath = /bin/sh;
			shellScript = "\"${SRCROOT}/Pods/Target Support Files/Pods-mycard/Pods-mycard-frameworks.sh\"\n";
			showEnvVarsInLog = 0;
		};
/* End PBXShellScriptBuildPhase section */

/* Begin PBXSourcesBuildPhase section */
		F2F49EA61D2D48F200C5CFB4 /* Sources */ = {
			isa = PBXSourcesBuildPhase;
			buildActionMask = 2147483647;
			files = (
				F29B369A1D48F8A300CFDD78 /* ParseManager.swift in Sources */,
				F2601A391D36939F00E255F2 /* ChooseDeviceViewController.swift in Sources */,
				F2601A3E1D36BC5500E255F2 /* Card.swift in Sources */,
				F2601A3A1D36939F00E255F2 /* EditInfoViewController.swift in Sources */,
				F29B36A61D4FB20C00CFDD78 /* CardView.swift in Sources */,
				F23DF2671D3D0F9A004D43B9 /* ImageManager.swift in Sources */,
				F2601A3C1D3693AA00E255F2 /* PeerTableViewCell.swift in Sources */,
				F2F49EAE1D2D48F200C5CFB4 /* AppDelegate.swift in Sources */,
				F29B369E1D4AB03100CFDD78 /* ShareCardsViewController.swift in Sources */,
				F2F49EC01D2D5C0700C5CFB4 /* MPCManager.swift in Sources */,
			);
			runOnlyForDeploymentPostprocessing = 0;
		};
/* End PBXSourcesBuildPhase section */

/* Begin PBXVariantGroup section */
		F2F49EB11D2D48F200C5CFB4 /* Main.storyboard */ = {
			isa = PBXVariantGroup;
			children = (
				F2F49EB21D2D48F200C5CFB4 /* Base */,
			);
			name = Main.storyboard;
			sourceTree = "<group>";
		};
		F2F49EB61D2D48F200C5CFB4 /* LaunchScreen.storyboard */ = {
			isa = PBXVariantGroup;
			children = (
				F2F49EB71D2D48F200C5CFB4 /* Base */,
			);
			name = LaunchScreen.storyboard;
			sourceTree = "<group>";
		};
/* End PBXVariantGroup section */

/* Begin XCBuildConfiguration section */
		F2F49EBA1D2D48F200C5CFB4 /* Debug */ = {
			isa = XCBuildConfiguration;
			buildSettings = {
				ALWAYS_SEARCH_USER_PATHS = NO;
				CLANG_ANALYZER_NONNULL = YES;
				CLANG_CXX_LANGUAGE_STANDARD = "gnu++0x";
				CLANG_CXX_LIBRARY = "libc++";
				CLANG_ENABLE_MODULES = YES;
				CLANG_ENABLE_OBJC_ARC = YES;
				CLANG_WARN_BOOL_CONVERSION = YES;
				CLANG_WARN_CONSTANT_CONVERSION = YES;
				CLANG_WARN_DIRECT_OBJC_ISA_USAGE = YES_ERROR;
				CLANG_WARN_EMPTY_BODY = YES;
				CLANG_WARN_ENUM_CONVERSION = YES;
				CLANG_WARN_INT_CONVERSION = YES;
				CLANG_WARN_OBJC_ROOT_CLASS = YES_ERROR;
				CLANG_WARN_UNREACHABLE_CODE = YES;
				CLANG_WARN__DUPLICATE_METHOD_MATCH = YES;
				"CODE_SIGN_IDENTITY[sdk=iphoneos*]" = "iPhone Developer";
				COPY_PHASE_STRIP = NO;
				DEBUG_INFORMATION_FORMAT = dwarf;
				ENABLE_STRICT_OBJC_MSGSEND = YES;
				ENABLE_TESTABILITY = YES;
				GCC_C_LANGUAGE_STANDARD = gnu99;
				GCC_DYNAMIC_NO_PIC = NO;
				GCC_NO_COMMON_BLOCKS = YES;
				GCC_OPTIMIZATION_LEVEL = 0;
				GCC_PREPROCESSOR_DEFINITIONS = (
					"DEBUG=1",
					"$(inherited)",
				);
				GCC_WARN_64_TO_32_BIT_CONVERSION = YES;
				GCC_WARN_ABOUT_RETURN_TYPE = YES_ERROR;
				GCC_WARN_UNDECLARED_SELECTOR = YES;
				GCC_WARN_UNINITIALIZED_AUTOS = YES_AGGRESSIVE;
				GCC_WARN_UNUSED_FUNCTION = YES;
				GCC_WARN_UNUSED_VARIABLE = YES;
				IPHONEOS_DEPLOYMENT_TARGET = 9.3;
				MTL_ENABLE_DEBUG_INFO = YES;
				ONLY_ACTIVE_ARCH = YES;
				SDKROOT = iphoneos;
				SWIFT_OPTIMIZATION_LEVEL = "-Onone";
			};
			name = Debug;
		};
		F2F49EBB1D2D48F200C5CFB4 /* Release */ = {
			isa = XCBuildConfiguration;
			buildSettings = {
				ALWAYS_SEARCH_USER_PATHS = NO;
				CLANG_ANALYZER_NONNULL = YES;
				CLANG_CXX_LANGUAGE_STANDARD = "gnu++0x";
				CLANG_CXX_LIBRARY = "libc++";
				CLANG_ENABLE_MODULES = YES;
				CLANG_ENABLE_OBJC_ARC = YES;
				CLANG_WARN_BOOL_CONVERSION = YES;
				CLANG_WARN_CONSTANT_CONVERSION = YES;
				CLANG_WARN_DIRECT_OBJC_ISA_USAGE = YES_ERROR;
				CLANG_WARN_EMPTY_BODY = YES;
				CLANG_WARN_ENUM_CONVERSION = YES;
				CLANG_WARN_INT_CONVERSION = YES;
				CLANG_WARN_OBJC_ROOT_CLASS = YES_ERROR;
				CLANG_WARN_UNREACHABLE_CODE = YES;
				CLANG_WARN__DUPLICATE_METHOD_MATCH = YES;
				"CODE_SIGN_IDENTITY[sdk=iphoneos*]" = "iPhone Developer";
				COPY_PHASE_STRIP = NO;
				DEBUG_INFORMATION_FORMAT = "dwarf-with-dsym";
				ENABLE_NS_ASSERTIONS = NO;
				ENABLE_STRICT_OBJC_MSGSEND = YES;
				GCC_C_LANGUAGE_STANDARD = gnu99;
				GCC_NO_COMMON_BLOCKS = YES;
				GCC_WARN_64_TO_32_BIT_CONVERSION = YES;
				GCC_WARN_ABOUT_RETURN_TYPE = YES_ERROR;
				GCC_WARN_UNDECLARED_SELECTOR = YES;
				GCC_WARN_UNINITIALIZED_AUTOS = YES_AGGRESSIVE;
				GCC_WARN_UNUSED_FUNCTION = YES;
				GCC_WARN_UNUSED_VARIABLE = YES;
				IPHONEOS_DEPLOYMENT_TARGET = 9.3;
				MTL_ENABLE_DEBUG_INFO = NO;
				SDKROOT = iphoneos;
				VALIDATE_PRODUCT = YES;
			};
			name = Release;
		};
		F2F49EBD1D2D48F200C5CFB4 /* Debug */ = {
			isa = XCBuildConfiguration;
			baseConfigurationReference = 63B25C3D6382B0BF4660FB41 /* Pods-mycard.debug.xcconfig */;
			buildSettings = {
				ASSETCATALOG_COMPILER_APPICON_NAME = AppIcon;
				FRAMEWORK_SEARCH_PATHS = (
					"$(inherited)",
					"$(PROJECT_DIR)/mycard/Frameworks",
				);
				INFOPLIST_FILE = mycard/Info.plist;
				LD_RUNPATH_SEARCH_PATHS = "$(inherited) @executable_path/Frameworks";
				PRODUCT_BUNDLE_IDENTIFIER = "edu.noahfren-umich.mycard";
				PRODUCT_NAME = "$(TARGET_NAME)";
			};
			name = Debug;
		};
		F2F49EBE1D2D48F200C5CFB4 /* Release */ = {
			isa = XCBuildConfiguration;
			baseConfigurationReference = 86C5999F24998EA87FD23B57 /* Pods-mycard.release.xcconfig */;
			buildSettings = {
				ASSETCATALOG_COMPILER_APPICON_NAME = AppIcon;
				FRAMEWORK_SEARCH_PATHS = (
					"$(inherited)",
					"$(PROJECT_DIR)/mycard/Frameworks",
				);
				INFOPLIST_FILE = mycard/Info.plist;
				LD_RUNPATH_SEARCH_PATHS = "$(inherited) @executable_path/Frameworks";
				PRODUCT_BUNDLE_IDENTIFIER = "edu.noahfren-umich.mycard";
				PRODUCT_NAME = "$(TARGET_NAME)";
			};
			name = Release;
		};
/* End XCBuildConfiguration section */

/* Begin XCConfigurationList section */
		F2F49EA51D2D48F200C5CFB4 /* Build configuration list for PBXProject "mycard" */ = {
			isa = XCConfigurationList;
			buildConfigurations = (
				F2F49EBA1D2D48F200C5CFB4 /* Debug */,
				F2F49EBB1D2D48F200C5CFB4 /* Release */,
			);
			defaultConfigurationIsVisible = 0;
			defaultConfigurationName = Release;
		};
		F2F49EBC1D2D48F200C5CFB4 /* Build configuration list for PBXNativeTarget "mycard" */ = {
			isa = XCConfigurationList;
			buildConfigurations = (
				F2F49EBD1D2D48F200C5CFB4 /* Debug */,
				F2F49EBE1D2D48F200C5CFB4 /* Release */,
			);
			defaultConfigurationIsVisible = 0;
			defaultConfigurationName = Release;
		};
/* End XCConfigurationList section */
	};
	rootObject = F2F49EA21D2D48F200C5CFB4 /* Project object */;
}
